
Microsoft Visual Studio Solution File, Format Version 12.00
# Visual Studio Express 2013 for Web
VisualStudioVersion = 12.0.30723.0
MinimumVisualStudioVersion = 10.0.40219.1
Project("{FAE04EC0-301F-11D3-BF4B-00C04F79EFBC}") = "QueryBuilder", "QueryBuilder\QueryBuilder.csproj", "{EFA75F8F-4311-4058-858A-45304D04E7CC}"
EndProject
Project("{FAE04EC0-301F-11D3-BF4B-00C04F79EFBC}") = "QueryBuilder.Test", "QueryBuilder.Test\QueryBuilder.Test.csproj", "{C0D9A627-9F10-4B46-91BC-699AD870BCD2}"
EndProject
Global
	GlobalSection(SolutionConfigurationPlatforms) = preSolution
		Debug|Any CPU = Debug|Any CPU
		Release|Any CPU = Release|Any CPU
	EndGlobalSection
	GlobalSection(ProjectConfigurationPlatforms) = postSolution
		{EFA75F8F-4311-4058-858A-45304D04E7CC}.Debug|Any CPU.ActiveCfg = Debug|Any CPU
		{EFA75F8F-4311-4058-858A-45304D04E7CC}.Debug|Any CPU.Build.0 = Debug|Any CPU
		{EFA75F8F-4311-4058-858A-45304D04E7CC}.Release|Any CPU.ActiveCfg = Release|Any CPU
		{EFA75F8F-4311-4058-858A-45304D04E7CC}.Release|Any CPU.Build.0 = Release|Any CPU
		{C0D9A627-9F10-4B46-91BC-699AD870BCD2}.Debug|Any CPU.ActiveCfg = Debug|Any CPU
		{C0D9A627-9F10-4B46-91BC-699AD870BCD2}.Debug|Any CPU.Build.0 = Debug|Any CPU
		{C0D9A627-9F10-4B46-91BC-699AD870BCD2}.Release|Any CPU.ActiveCfg = Release|Any CPU
		{C0D9A627-9F10-4B46-91BC-699AD870BCD2}.Release|Any CPU.Build.0 = Release|Any CPU
	EndGlobalSection
	GlobalSection(SolutionProperties) = preSolution
		HideSolutionNode = FALSE
	EndGlobalSection
EndGlobal
